
Microsoft Visual Studio Solution File, Format Version 12.00
# Visual Studio Version 17
VisualStudioVersion = 17.14.36414.22 d17.14
MinimumVisualStudioVersion = 10.0.40219.1
Project("{FAE04EC0-301F-11D3-BF4B-00C04F79EFBC}") = "Company.G02.V2.PL", "Company.G02.V2\Company.G02.V2.PL.csproj", "{BE98C601-468C-4C5E-AF09-ABC755FD7591}"
EndProject
Project("{FAE04EC0-301F-11D3-BF4B-00C04F79EFBC}") = "Company.G02.DAL", "Company.G02.DAL\Company.G02.DAL.csproj", "{42C3B74C-D502-479F-9AC1-E7192586F20D}"
EndProject
Project("{FAE04EC0-301F-11D3-BF4B-00C04F79EFBC}") = "Company.G02.BLL", "Company.G02.BLL\Company.G02.BLL.csproj", "{734ECBDA-785F-4974-B327-310F3652FECD}"
EndProject
Global
	GlobalSection(SolutionConfigurationPlatforms) = preSolution
		Debug|Any CPU = Debug|Any CPU
		Release|Any CPU = Release|Any CPU
	EndGlobalSection
	GlobalSection(ProjectConfigurationPlatforms) = postSolution
		{BE98C601-468C-4C5E-AF09-ABC755FD7591}.Debug|Any CPU.ActiveCfg = Debug|Any CPU
		{BE98C601-468C-4C5E-AF09-ABC755FD7591}.Debug|Any CPU.Build.0 = Debug|Any CPU
		{BE98C601-468C-4C5E-AF09-ABC755FD7591}.Release|Any CPU.ActiveCfg = Release|Any CPU
		{BE98C601-468C-4C5E-AF09-ABC755FD7591}.Release|Any CPU.Build.0 = Release|Any CPU
		{42C3B74C-D502-479F-9AC1-E7192586F20D}.Debug|Any CPU.ActiveCfg = Debug|Any CPU
		{42C3B74C-D502-479F-9AC1-E7192586F20D}.Debug|Any CPU.Build.0 = Debug|Any CPU
		{42C3B74C-D502-479F-9AC1-E7192586F20D}.Release|Any CPU.ActiveCfg = Release|Any CPU
		{42C3B74C-D502-479F-9AC1-E7192586F20D}.Release|Any CPU.Build.0 = Release|Any CPU
		{734ECBDA-785F-4974-B327-310F3652FECD}.Debug|Any CPU.ActiveCfg = Debug|Any CPU
		{734ECBDA-785F-4974-B327-310F3652FECD}.Debug|Any CPU.Build.0 = Debug|Any CPU
		{734ECBDA-785F-4974-B327-310F3652FECD}.Release|Any CPU.ActiveCfg = Release|Any CPU
		{734ECBDA-785F-4974-B327-310F3652FECD}.Release|Any CPU.Build.0 = Release|Any CPU
	EndGlobalSection
	GlobalSection(SolutionProperties) = preSolution
		HideSolutionNode = FALSE
	EndGlobalSection
	GlobalSection(ExtensibilityGlobals) = postSolution
		SolutionGuid = {9D5B7730-333A-400F-9B62-400F4B2FE0EC}
	EndGlobalSection
EndGlobal
